
Microsoft Visual Studio Solution File, Format Version 12.00
# Visual Studio Version 17
VisualStudioVersion = 17.14.36518.9 d17.14
MinimumVisualStudioVersion = 10.0.40219.1
Project("{FAE04EC0-301F-11D3-BF4B-00C04F79EFBC}") = "WordCards", "WordCards\WordCards.csproj", "{CFAF03AA-19E9-4613-82EC-59CEE3619402}"
EndProject
Global
	GlobalSection(SolutionConfigurationPlatforms) = preSolution
		Debug|Any CPU = Debug|Any CPU
		Release|Any CPU = Release|Any CPU
	EndGlobalSection
	GlobalSection(ProjectConfigurationPlatforms) = postSolution
		{CFAF03AA-19E9-4613-82EC-59CEE3619402}.Debug|Any CPU.ActiveCfg = Debug|Any CPU
		{CFAF03AA-19E9-4613-82EC-59CEE3619402}.Debug|Any CPU.Build.0 = Debug|Any CPU
		{CFAF03AA-19E9-4613-82EC-59CEE3619402}.Release|Any CPU.ActiveCfg = Release|Any CPU
		{CFAF03AA-19E9-4613-82EC-59CEE3619402}.Release|Any CPU.Build.0 = Release|Any CPU
	EndGlobalSection
	GlobalSection(SolutionProperties) = preSolution
		HideSolutionNode = FALSE
	EndGlobalSection
	GlobalSection(ExtensibilityGlobals) = postSolution
		SolutionGuid = {7FCA47CF-967E-4F3F-98F1-E327A50F1639}
	EndGlobalSection
EndGlobal
